// !$*UTF8*$!
{
	archiveVersion = 1;
	classes = {
	};
	objectVersion = 77;
	objects = {

/* Begin PBXBuildFile section */
		B28844332DA1BD5A00058D1F /* AppDelegate.swift in Sources */ = {isa = PBXBuildFile; fileRef = B28844322DA1BD5A00058D1F /* AppDelegate.swift */; };
		B28844352DA1BD5A00058D1F /* SceneDelegate.swift in Sources */ = {isa = PBXBuildFile; fileRef = B28844342DA1BD5A00058D1F /* SceneDelegate.swift */; };
		B288443C2DA1BD5B00058D1F /* Assets.xcassets in Resources */ = {isa = PBXBuildFile; fileRef = B288443B2DA1BD5B00058D1F /* Assets.xcassets */; };
		B288443F2DA1BD5B00058D1F /* LaunchScreen.storyboard in Resources */ = {isa = PBXBuildFile; fileRef = B288443D2DA1BD5B00058D1F /* LaunchScreen.storyboard */; };
		B28844662DA1C43300058D1F /* AppRouter.swift in Sources */ = {isa = PBXBuildFile; fileRef = B28844652DA1C42F00058D1F /* AppRouter.swift */; };
		B28844872DA1E1F400058D1F /* HomeViewModel.swift in Sources */ = {isa = PBXBuildFile; fileRef = B28844802DA1E1F400058D1F /* HomeViewModel.swift */; };
		B28844882DA1E1F400058D1F /* HomeFactory.swift in Sources */ = {isa = PBXBuildFile; fileRef = B28844822DA1E1F400058D1F /* HomeFactory.swift */; };
		B28844892DA1E1F400058D1F /* SceneFactory.swift in Sources */ = {isa = PBXBuildFile; fileRef = B28844842DA1E1F400058D1F /* SceneFactory.swift */; };
		B288448D2DA1E6C300058D1F /* HomeRouter.swift in Sources */ = {isa = PBXBuildFile; fileRef = B288448C2DA1E6BF00058D1F /* HomeRouter.swift */; };
		B288448F2DA1EA0200058D1F /* HomeView.swift in Sources */ = {isa = PBXBuildFile; fileRef = B288448E2DA1EA0200058D1F /* HomeView.swift */; };
		B28844952DA1EB0D00058D1F /* HomeViewHostingController.swift in Sources */ = {isa = PBXBuildFile; fileRef = B28844942DA1EAFF00058D1F /* HomeViewHostingController.swift */; };
		B28844982DA1ED6B00058D1F /* BaseViewHostingViewController.swift in Sources */ = {isa = PBXBuildFile; fileRef = B28844972DA1ED5E00058D1F /* BaseViewHostingViewController.swift */; };
		B288449C2DA2E8B900058D1F /* Constants.swift in Sources */ = {isa = PBXBuildFile; fileRef = B288449B2DA2E8B400058D1F /* Constants.swift */; };
		B288449E2DA2EC6B00058D1F /* TouristPoints.swift in Sources */ = {isa = PBXBuildFile; fileRef = B288449D2DA2EC6B00058D1F /* TouristPoints.swift */; };
		B28844A02DA2EC8300058D1F /* Coordinates.swift in Sources */ = {isa = PBXBuildFile; fileRef = B288449F2DA2EC8300058D1F /* Coordinates.swift */; };
/* End PBXBuildFile section */

/* Begin PBXContainerItemProxy section */
		B28844462DA1BD5B00058D1F /* PBXContainerItemProxy */ = {
			isa = PBXContainerItemProxy;
			containerPortal = B28844272DA1BD5A00058D1F /* Project object */;
			proxyType = 1;
			remoteGlobalIDString = B288442E2DA1BD5A00058D1F;
			remoteInfo = "tourist-weather-app";
		};
		B28844502DA1BD5B00058D1F /* PBXContainerItemProxy */ = {
			isa = PBXContainerItemProxy;
			containerPortal = B28844272DA1BD5A00058D1F /* Project object */;
			proxyType = 1;
			remoteGlobalIDString = B288442E2DA1BD5A00058D1F;
			remoteInfo = "tourist-weather-app";
		};
/* End PBXContainerItemProxy section */

/* Begin PBXFileReference section */
		B288442F2DA1BD5A00058D1F /* tourist-weather-app.app */ = {isa = PBXFileReference; explicitFileType = wrapper.application; includeInIndex = 0; path = "tourist-weather-app.app"; sourceTree = BUILT_PRODUCTS_DIR; };
		B28844322DA1BD5A00058D1F /* AppDelegate.swift */ = {isa = PBXFileReference; lastKnownFileType = sourcecode.swift; path = AppDelegate.swift; sourceTree = "<group>"; };
		B28844342DA1BD5A00058D1F /* SceneDelegate.swift */ = {isa = PBXFileReference; lastKnownFileType = sourcecode.swift; path = SceneDelegate.swift; sourceTree = "<group>"; };
		B288443B2DA1BD5B00058D1F /* Assets.xcassets */ = {isa = PBXFileReference; lastKnownFileType = folder.assetcatalog; path = Assets.xcassets; sourceTree = "<group>"; };
		B288443E2DA1BD5B00058D1F /* Base */ = {isa = PBXFileReference; lastKnownFileType = file.storyboard; name = Base; path = Base.lproj/LaunchScreen.storyboard; sourceTree = "<group>"; };
		B28844402DA1BD5B00058D1F /* Info.plist */ = {isa = PBXFileReference; lastKnownFileType = text.plist.xml; path = Info.plist; sourceTree = "<group>"; };
		B28844452DA1BD5B00058D1F /* tourist-weather-appTests.xctest */ = {isa = PBXFileReference; explicitFileType = wrapper.cfbundle; includeInIndex = 0; path = "tourist-weather-appTests.xctest"; sourceTree = BUILT_PRODUCTS_DIR; };
		B288444F2DA1BD5B00058D1F /* tourist-weather-appUITests.xctest */ = {isa = PBXFileReference; explicitFileType = wrapper.cfbundle; includeInIndex = 0; path = "tourist-weather-appUITests.xctest"; sourceTree = BUILT_PRODUCTS_DIR; };
		B28844652DA1C42F00058D1F /* AppRouter.swift */ = {isa = PBXFileReference; lastKnownFileType = sourcecode.swift; path = AppRouter.swift; sourceTree = "<group>"; };
		B28844802DA1E1F400058D1F /* HomeViewModel.swift */ = {isa = PBXFileReference; lastKnownFileType = sourcecode.swift; path = HomeViewModel.swift; sourceTree = "<group>"; };
		B28844822DA1E1F400058D1F /* HomeFactory.swift */ = {isa = PBXFileReference; lastKnownFileType = sourcecode.swift; path = HomeFactory.swift; sourceTree = "<group>"; };
		B28844842DA1E1F400058D1F /* SceneFactory.swift */ = {isa = PBXFileReference; lastKnownFileType = sourcecode.swift; path = SceneFactory.swift; sourceTree = "<group>"; };
		B288448C2DA1E6BF00058D1F /* HomeRouter.swift */ = {isa = PBXFileReference; lastKnownFileType = sourcecode.swift; path = HomeRouter.swift; sourceTree = "<group>"; };
		B288448E2DA1EA0200058D1F /* HomeView.swift */ = {isa = PBXFileReference; lastKnownFileType = sourcecode.swift; path = HomeView.swift; sourceTree = "<group>"; };
		B28844942DA1EAFF00058D1F /* HomeViewHostingController.swift */ = {isa = PBXFileReference; lastKnownFileType = sourcecode.swift; path = HomeViewHostingController.swift; sourceTree = "<group>"; };
		B28844972DA1ED5E00058D1F /* BaseViewHostingViewController.swift */ = {isa = PBXFileReference; lastKnownFileType = sourcecode.swift; path = BaseViewHostingViewController.swift; sourceTree = "<group>"; };
		B288449B2DA2E8B400058D1F /* Constants.swift */ = {isa = PBXFileReference; lastKnownFileType = sourcecode.swift; path = Constants.swift; sourceTree = "<group>"; };
		B288449D2DA2EC6B00058D1F /* TouristPoints.swift */ = {isa = PBXFileReference; lastKnownFileType = sourcecode.swift; path = TouristPoints.swift; sourceTree = "<group>"; };
		B288449F2DA2EC8300058D1F /* Coordinates.swift */ = {isa = PBXFileReference; lastKnownFileType = sourcecode.swift; path = Coordinates.swift; sourceTree = "<group>"; };
/* End PBXFileReference section */

/* Begin PBXFileSystemSynchronizedRootGroup section */
		B28844482DA1BD5B00058D1F /* tourist-weather-appTests */ = {
			isa = PBXFileSystemSynchronizedRootGroup;
			path = "tourist-weather-appTests";
			sourceTree = "<group>";
		};
		B28844522DA1BD5B00058D1F /* tourist-weather-appUITests */ = {
			isa = PBXFileSystemSynchronizedRootGroup;
			path = "tourist-weather-appUITests";
			sourceTree = "<group>";
		};
/* End PBXFileSystemSynchronizedRootGroup section */

/* Begin PBXFrameworksBuildPhase section */
		B288442C2DA1BD5A00058D1F /* Frameworks */ = {
			isa = PBXFrameworksBuildPhase;
			buildActionMask = 2147483647;
			files = (
			);
			runOnlyForDeploymentPostprocessing = 0;
		};
		B28844422DA1BD5B00058D1F /* Frameworks */ = {
			isa = PBXFrameworksBuildPhase;
			buildActionMask = 2147483647;
			files = (
			);
			runOnlyForDeploymentPostprocessing = 0;
		};
		B288444C2DA1BD5B00058D1F /* Frameworks */ = {
			isa = PBXFrameworksBuildPhase;
			buildActionMask = 2147483647;
			files = (
			);
			runOnlyForDeploymentPostprocessing = 0;
		};
/* End PBXFrameworksBuildPhase section */

/* Begin PBXGroup section */
		B28844262DA1BD5A00058D1F = {
			isa = PBXGroup;
			children = (
				B288446D2DA1C6F500058D1F /* TouristWeatherApp */,
				B28844482DA1BD5B00058D1F /* tourist-weather-appTests */,
				B28844522DA1BD5B00058D1F /* tourist-weather-appUITests */,
				B28844302DA1BD5A00058D1F /* Products */,
			);
			sourceTree = "<group>";
		};
		B28844302DA1BD5A00058D1F /* Products */ = {
			isa = PBXGroup;
			children = (
				B288442F2DA1BD5A00058D1F /* tourist-weather-app.app */,
				B28844452DA1BD5B00058D1F /* tourist-weather-appTests.xctest */,
				B288444F2DA1BD5B00058D1F /* tourist-weather-appUITests.xctest */,
			);
			name = Products;
			sourceTree = "<group>";
		};
		B288446D2DA1C6F500058D1F /* TouristWeatherApp */ = {
			isa = PBXGroup;
			children = (
				B28844322DA1BD5A00058D1F /* AppDelegate.swift */,
				B28844652DA1C42F00058D1F /* AppRouter.swift */,
				B288443B2DA1BD5B00058D1F /* Assets.xcassets */,
				B288443D2DA1BD5B00058D1F /* LaunchScreen.storyboard */,
				B28844402DA1BD5B00058D1F /* Info.plist */,
				B28844852DA1E1F400058D1F /* Scenes */,
				B28844A12DA3238100058D1F /* Services */,
				B288448A2DA1E1FF00058D1F /* Models */,
				B28844962DA1ED4F00058D1F /* Utils */,
			);
			path = TouristWeatherApp;
			sourceTree = "<group>";
		};
		B28844812DA1E1F400058D1F /* Home */ = {
			isa = PBXGroup;
			children = (
				B28844802DA1E1F400058D1F /* HomeViewModel.swift */,
				B28844A22DA324A500058D1F /* HostingController */,
				B288449A2DA1F2D800058D1F /* Views */,
				B28844992DA1F2C500058D1F /* Factory */,
				B288448B2DA1E6B300058D1F /* Router */,
			);
			path = Home;
			sourceTree = "<group>";
		};
		B28844852DA1E1F400058D1F /* Scenes */ = {
			isa = PBXGroup;
			children = (
				B28844342DA1BD5A00058D1F /* SceneDelegate.swift */,
				B28844842DA1E1F400058D1F /* SceneFactory.swift */,
				B28844812DA1E1F400058D1F /* Home */,
			);
			path = Scenes;
			sourceTree = "<group>";
		};
		B288448A2DA1E1FF00058D1F /* Models */ = {
			isa = PBXGroup;
			children = (
				B28844A32DA324F200058D1F /* Weather */,
			);
			path = Models;
			sourceTree = "<group>";
		};
		B288448B2DA1E6B300058D1F /* Router */ = {
			isa = PBXGroup;
			children = (
				B288448C2DA1E6BF00058D1F /* HomeRouter.swift */,
			);
			path = Router;
			sourceTree = "<group>";
		};
		B28844962DA1ED4F00058D1F /* Utils */ = {
			isa = PBXGroup;
			children = (
				B288449B2DA2E8B400058D1F /* Constants.swift */,
				B28844972DA1ED5E00058D1F /* BaseViewHostingViewController.swift */,
			);
			path = Utils;
			sourceTree = "<group>";
		};
		B28844992DA1F2C500058D1F /* Factory */ = {
			isa = PBXGroup;
			children = (
				B28844822DA1E1F400058D1F /* HomeFactory.swift */,
			);
			path = Factory;
			sourceTree = "<group>";
		};
		B288449A2DA1F2D800058D1F /* Views */ = {
			isa = PBXGroup;
			children = (
				B288448E2DA1EA0200058D1F /* HomeView.swift */,
			);
			path = Views;
			sourceTree = "<group>";
		};
		B28844A12DA3238100058D1F /* Services */ = {
			isa = PBXGroup;
			children = (
			);
			path = Services;
			sourceTree = "<group>";
		};
		B28844A22DA324A500058D1F /* HostingController */ = {
			isa = PBXGroup;
			children = (
				B28844942DA1EAFF00058D1F /* HomeViewHostingController.swift */,
			);
			path = HostingController;
			sourceTree = "<group>";
		};
		B28844A32DA324F200058D1F /* Weather */ = {
			isa = PBXGroup;
			children = (
				B288449F2DA2EC8300058D1F /* Coordinates.swift */,
				B288449D2DA2EC6B00058D1F /* TouristPoints.swift */,
			);
			path = Weather;
			sourceTree = "<group>";
		};
/* End PBXGroup section */

/* Begin PBXNativeTarget section */
		B288442E2DA1BD5A00058D1F /* tourist-weather-app */ = {
			isa = PBXNativeTarget;
			buildConfigurationList = B28844582DA1BD5B00058D1F /* Build configuration list for PBXNativeTarget "tourist-weather-app" */;
			buildPhases = (
				B288442B2DA1BD5A00058D1F /* Sources */,
				B288442C2DA1BD5A00058D1F /* Frameworks */,
				B288442D2DA1BD5A00058D1F /* Resources */,
			);
			buildRules = (
			);
			dependencies = (
			);
			name = "tourist-weather-app";
			packageProductDependencies = (
			);
			productName = "tourist-weather-app";
			productReference = B288442F2DA1BD5A00058D1F /* tourist-weather-app.app */;
			productType = "com.apple.product-type.application";
		};
		B28844442DA1BD5B00058D1F /* tourist-weather-appTests */ = {
			isa = PBXNativeTarget;
			buildConfigurationList = B288445D2DA1BD5B00058D1F /* Build configuration list for PBXNativeTarget "tourist-weather-appTests" */;
			buildPhases = (
				B28844412DA1BD5B00058D1F /* Sources */,
				B28844422DA1BD5B00058D1F /* Frameworks */,
				B28844432DA1BD5B00058D1F /* Resources */,
			);
			buildRules = (
			);
			dependencies = (
				B28844472DA1BD5B00058D1F /* PBXTargetDependency */,
			);
			fileSystemSynchronizedGroups = (
				B28844482DA1BD5B00058D1F /* tourist-weather-appTests */,
			);
			name = "tourist-weather-appTests";
			packageProductDependencies = (
			);
			productName = "tourist-weather-appTests";
			productReference = B28844452DA1BD5B00058D1F /* tourist-weather-appTests.xctest */;
			productType = "com.apple.product-type.bundle.unit-test";
		};
		B288444E2DA1BD5B00058D1F /* tourist-weather-appUITests */ = {
			isa = PBXNativeTarget;
			buildConfigurationList = B28844602DA1BD5B00058D1F /* Build configuration list for PBXNativeTarget "tourist-weather-appUITests" */;
			buildPhases = (
				B288444B2DA1BD5B00058D1F /* Sources */,
				B288444C2DA1BD5B00058D1F /* Frameworks */,
				B288444D2DA1BD5B00058D1F /* Resources */,
			);
			buildRules = (
			);
			dependencies = (
				B28844512DA1BD5B00058D1F /* PBXTargetDependency */,
			);
			fileSystemSynchronizedGroups = (
				B28844522DA1BD5B00058D1F /* tourist-weather-appUITests */,
			);
			name = "tourist-weather-appUITests";
			packageProductDependencies = (
			);
			productName = "tourist-weather-appUITests";
			productReference = B288444F2DA1BD5B00058D1F /* tourist-weather-appUITests.xctest */;
			productType = "com.apple.product-type.bundle.ui-testing";
		};
/* End PBXNativeTarget section */

/* Begin PBXProject section */
		B28844272DA1BD5A00058D1F /* Project object */ = {
			isa = PBXProject;
			attributes = {
				BuildIndependentTargetsInParallel = 1;
				LastSwiftUpdateCheck = 1620;
				LastUpgradeCheck = 1620;
				TargetAttributes = {
					B288442E2DA1BD5A00058D1F = {
						CreatedOnToolsVersion = 16.2;
					};
					B28844442DA1BD5B00058D1F = {
						CreatedOnToolsVersion = 16.2;
						TestTargetID = B288442E2DA1BD5A00058D1F;
					};
					B288444E2DA1BD5B00058D1F = {
						CreatedOnToolsVersion = 16.2;
						TestTargetID = B288442E2DA1BD5A00058D1F;
					};
				};
			};
			buildConfigurationList = B288442A2DA1BD5A00058D1F /* Build configuration list for PBXProject "tourist-weather-app" */;
			developmentRegion = en;
			hasScannedForEncodings = 0;
			knownRegions = (
				en,
				Base,
			);
			mainGroup = B28844262DA1BD5A00058D1F;
			minimizedProjectReferenceProxies = 1;
			preferredProjectObjectVersion = 77;
			productRefGroup = B28844302DA1BD5A00058D1F /* Products */;
			projectDirPath = "";
			projectRoot = "";
			targets = (
				B288442E2DA1BD5A00058D1F /* tourist-weather-app */,
				B28844442DA1BD5B00058D1F /* tourist-weather-appTests */,
				B288444E2DA1BD5B00058D1F /* tourist-weather-appUITests */,
			);
		};
/* End PBXProject section */

/* Begin PBXResourcesBuildPhase section */
		B288442D2DA1BD5A00058D1F /* Resources */ = {
			isa = PBXResourcesBuildPhase;
			buildActionMask = 2147483647;
			files = (
				B288443F2DA1BD5B00058D1F /* LaunchScreen.storyboard in Resources */,
				B288443C2DA1BD5B00058D1F /* Assets.xcassets in Resources */,
			);
			runOnlyForDeploymentPostprocessing = 0;
		};
		B28844432DA1BD5B00058D1F /* Resources */ = {
			isa = PBXResourcesBuildPhase;
			buildActionMask = 2147483647;
			files = (
			);
			runOnlyForDeploymentPostprocessing = 0;
		};
		B288444D2DA1BD5B00058D1F /* Resources */ = {
			isa = PBXResourcesBuildPhase;
			buildActionMask = 2147483647;
			files = (
			);
			runOnlyForDeploymentPostprocessing = 0;
		};
/* End PBXResourcesBuildPhase section */

/* Begin PBXSourcesBuildPhase section */
		B288442B2DA1BD5A00058D1F /* Sources */ = {
			isa = PBXSourcesBuildPhase;
			buildActionMask = 2147483647;
			files = (
				B288448F2DA1EA0200058D1F /* HomeView.swift in Sources */,
				B288449C2DA2E8B900058D1F /* Constants.swift in Sources */,
				B28844662DA1C43300058D1F /* AppRouter.swift in Sources */,
				B28844872DA1E1F400058D1F /* HomeViewModel.swift in Sources */,
				B28844882DA1E1F400058D1F /* HomeFactory.swift in Sources */,
				B288449E2DA2EC6B00058D1F /* TouristPoints.swift in Sources */,
				B28844952DA1EB0D00058D1F /* HomeViewHostingController.swift in Sources */,
				B28844982DA1ED6B00058D1F /* BaseViewHostingViewController.swift in Sources */,
				B28844892DA1E1F400058D1F /* SceneFactory.swift in Sources */,
				B28844A02DA2EC8300058D1F /* Coordinates.swift in Sources */,
				B28844332DA1BD5A00058D1F /* AppDelegate.swift in Sources */,
				B288448D2DA1E6C300058D1F /* HomeRouter.swift in Sources */,
				B28844352DA1BD5A00058D1F /* SceneDelegate.swift in Sources */,
			);
			runOnlyForDeploymentPostprocessing = 0;
		};
		B28844412DA1BD5B00058D1F /* Sources */ = {
			isa = PBXSourcesBuildPhase;
			buildActionMask = 2147483647;
			files = (
			);
			runOnlyForDeploymentPostprocessing = 0;
		};
		B288444B2DA1BD5B00058D1F /* Sources */ = {
			isa = PBXSourcesBuildPhase;
			buildActionMask = 2147483647;
			files = (
			);
			runOnlyForDeploymentPostprocessing = 0;
		};
/* End PBXSourcesBuildPhase section */

/* Begin PBXTargetDependency section */
		B28844472DA1BD5B00058D1F /* PBXTargetDependency */ = {
			isa = PBXTargetDependency;
			target = B288442E2DA1BD5A00058D1F /* tourist-weather-app */;
			targetProxy = B28844462DA1BD5B00058D1F /* PBXContainerItemProxy */;
		};
		B28844512DA1BD5B00058D1F /* PBXTargetDependency */ = {
			isa = PBXTargetDependency;
			target = B288442E2DA1BD5A00058D1F /* tourist-weather-app */;
			targetProxy = B28844502DA1BD5B00058D1F /* PBXContainerItemProxy */;
		};
/* End PBXTargetDependency section */

/* Begin PBXVariantGroup section */
		B288443D2DA1BD5B00058D1F /* LaunchScreen.storyboard */ = {
			isa = PBXVariantGroup;
			children = (
				B288443E2DA1BD5B00058D1F /* Base */,
			);
			name = LaunchScreen.storyboard;
			sourceTree = "<group>";
		};
/* End PBXVariantGroup section */

/* Begin XCBuildConfiguration section */
		B28844592DA1BD5B00058D1F /* Debug */ = {
			isa = XCBuildConfiguration;
			buildSettings = {
				ASSETCATALOG_COMPILER_APPICON_NAME = AppIcon;
				ASSETCATALOG_COMPILER_GLOBAL_ACCENT_COLOR_NAME = AccentColor;
				CODE_SIGN_STYLE = Automatic;
				CURRENT_PROJECT_VERSION = 1;
				DEVELOPMENT_TEAM = TJN35A6L8U;
				GENERATE_INFOPLIST_FILE = YES;
				INFOPLIST_FILE = TouristWeatherApp/Info.plist;
				INFOPLIST_KEY_CFBundleDisplayName = "Tour RJ";
				INFOPLIST_KEY_LSApplicationCategoryType = "";
				INFOPLIST_KEY_UIApplicationSupportsIndirectInputEvents = YES;
				INFOPLIST_KEY_UILaunchStoryboardName = LaunchScreen;
				INFOPLIST_KEY_UISupportedInterfaceOrientations_iPad = "UIInterfaceOrientationPortrait UIInterfaceOrientationPortraitUpsideDown UIInterfaceOrientationLandscapeLeft UIInterfaceOrientationLandscapeRight";
				INFOPLIST_KEY_UISupportedInterfaceOrientations_iPhone = "UIInterfaceOrientationPortrait UIInterfaceOrientationLandscapeLeft UIInterfaceOrientationLandscapeRight";
				LD_RUNPATH_SEARCH_PATHS = (
					"$(inherited)",
					"@executable_path/Frameworks",
				);
				MARKETING_VERSION = 1.0;
				PRODUCT_BUNDLE_IDENTIFIER = "br.com.tourist-weather-app.tourist-weather-app";
				PRODUCT_NAME = "$(TARGET_NAME)";
				SUPPORTED_PLATFORMS = "iphoneos iphonesimulator";
				SUPPORTS_MACCATALYST = NO;
				SUPPORTS_MAC_DESIGNED_FOR_IPHONE_IPAD = NO;
				SUPPORTS_XR_DESIGNED_FOR_IPHONE_IPAD = NO;
				SWIFT_EMIT_LOC_STRINGS = YES;
				SWIFT_VERSION = 5.0;
				TARGETED_DEVICE_FAMILY = 1;
			};
			name = Debug;
		};
		B288445A2DA1BD5B00058D1F /* Release */ = {
			isa = XCBuildConfiguration;
			buildSettings = {
				ASSETCATALOG_COMPILER_APPICON_NAME = AppIcon;
				ASSETCATALOG_COMPILER_GLOBAL_ACCENT_COLOR_NAME = AccentColor;
				CODE_SIGN_STYLE = Automatic;
				CURRENT_PROJECT_VERSION = 1;
				DEVELOPMENT_TEAM = TJN35A6L8U;
				GENERATE_INFOPLIST_FILE = YES;
				INFOPLIST_FILE = TouristWeatherApp/Info.plist;
				INFOPLIST_KEY_CFBundleDisplayName = "Tour RJ";
				INFOPLIST_KEY_LSApplicationCategoryType = "";
				INFOPLIST_KEY_UIApplicationSupportsIndirectInputEvents = YES;
				INFOPLIST_KEY_UILaunchStoryboardName = LaunchScreen;
				INFOPLIST_KEY_UISupportedInterfaceOrientations_iPad = "UIInterfaceOrientationPortrait UIInterfaceOrientationPortraitUpsideDown UIInterfaceOrientationLandscapeLeft UIInterfaceOrientationLandscapeRight";
				INFOPLIST_KEY_UISupportedInterfaceOrientations_iPhone = "UIInterfaceOrientationPortrait UIInterfaceOrientationLandscapeLeft UIInterfaceOrientationLandscapeRight";
				LD_RUNPATH_SEARCH_PATHS = (
					"$(inherited)",
					"@executable_path/Frameworks",
				);
				MARKETING_VERSION = 1.0;
				PRODUCT_BUNDLE_IDENTIFIER = "br.com.tourist-weather-app.tourist-weather-app";
				PRODUCT_NAME = "$(TARGET_NAME)";
				SUPPORTED_PLATFORMS = "iphoneos iphonesimulator";
				SUPPORTS_MACCATALYST = NO;
				SUPPORTS_MAC_DESIGNED_FOR_IPHONE_IPAD = NO;
				SUPPORTS_XR_DESIGNED_FOR_IPHONE_IPAD = NO;
				SWIFT_EMIT_LOC_STRINGS = YES;
				SWIFT_VERSION = 5.0;
				TARGETED_DEVICE_FAMILY = 1;
			};
			name = Release;
		};
		B288445B2DA1BD5B00058D1F /* Debug */ = {
			isa = XCBuildConfiguration;
			buildSettings = {
				ALWAYS_SEARCH_USER_PATHS = NO;
				ASSETCATALOG_COMPILER_GENERATE_SWIFT_ASSET_SYMBOL_EXTENSIONS = YES;
				CLANG_ANALYZER_NONNULL = YES;
				CLANG_ANALYZER_NUMBER_OBJECT_CONVERSION = YES_AGGRESSIVE;
				CLANG_CXX_LANGUAGE_STANDARD = "gnu++20";
				CLANG_ENABLE_MODULES = YES;
				CLANG_ENABLE_OBJC_ARC = YES;
				CLANG_ENABLE_OBJC_WEAK = YES;
				CLANG_WARN_BLOCK_CAPTURE_AUTORELEASING = YES;
				CLANG_WARN_BOOL_CONVERSION = YES;
				CLANG_WARN_COMMA = YES;
				CLANG_WARN_CONSTANT_CONVERSION = YES;
				CLANG_WARN_DEPRECATED_OBJC_IMPLEMENTATIONS = YES;
				CLANG_WARN_DIRECT_OBJC_ISA_USAGE = YES_ERROR;
				CLANG_WARN_DOCUMENTATION_COMMENTS = YES;
				CLANG_WARN_EMPTY_BODY = YES;
				CLANG_WARN_ENUM_CONVERSION = YES;
				CLANG_WARN_INFINITE_RECURSION = YES;
				CLANG_WARN_INT_CONVERSION = YES;
				CLANG_WARN_NON_LITERAL_NULL_CONVERSION = YES;
				CLANG_WARN_OBJC_IMPLICIT_RETAIN_SELF = YES;
				CLANG_WARN_OBJC_LITERAL_CONVERSION = YES;
				CLANG_WARN_OBJC_ROOT_CLASS = YES_ERROR;
				CLANG_WARN_QUOTED_INCLUDE_IN_FRAMEWORK_HEADER = YES;
				CLANG_WARN_RANGE_LOOP_ANALYSIS = YES;
				CLANG_WARN_STRICT_PROTOTYPES = YES;
				CLANG_WARN_SUSPICIOUS_MOVE = YES;
				CLANG_WARN_UNGUARDED_AVAILABILITY = YES_AGGRESSIVE;
				CLANG_WARN_UNREACHABLE_CODE = YES;
				CLANG_WARN__DUPLICATE_METHOD_MATCH = YES;
				COPY_PHASE_STRIP = NO;
				DEBUG_INFORMATION_FORMAT = dwarf;
				ENABLE_STRICT_OBJC_MSGSEND = YES;
				ENABLE_TESTABILITY = YES;
				ENABLE_USER_SCRIPT_SANDBOXING = YES;
				GCC_C_LANGUAGE_STANDARD = gnu17;
				GCC_DYNAMIC_NO_PIC = NO;
				GCC_NO_COMMON_BLOCKS = YES;
				GCC_OPTIMIZATION_LEVEL = 0;
				GCC_PREPROCESSOR_DEFINITIONS = (
					"DEBUG=1",
					"$(inherited)",
				);
				GCC_WARN_64_TO_32_BIT_CONVERSION = YES;
				GCC_WARN_ABOUT_RETURN_TYPE = YES_ERROR;
				GCC_WARN_UNDECLARED_SELECTOR = YES;
				GCC_WARN_UNINITIALIZED_AUTOS = YES_AGGRESSIVE;
				GCC_WARN_UNUSED_FUNCTION = YES;
				GCC_WARN_UNUSED_VARIABLE = YES;
				IPHONEOS_DEPLOYMENT_TARGET = 18.2;
				LOCALIZATION_PREFERS_STRING_CATALOGS = YES;
				MTL_ENABLE_DEBUG_INFO = INCLUDE_SOURCE;
				MTL_FAST_MATH = YES;
				ONLY_ACTIVE_ARCH = YES;
				SDKROOT = iphoneos;
				SWIFT_ACTIVE_COMPILATION_CONDITIONS = "DEBUG $(inherited)";
				SWIFT_OPTIMIZATION_LEVEL = "-Onone";
			};
			name = Debug;
		};
		B288445C2DA1BD5B00058D1F /* Release */ = {
			isa = XCBuildConfiguration;
			buildSettings = {
				ALWAYS_SEARCH_USER_PATHS = NO;
				ASSETCATALOG_COMPILER_GENERATE_SWIFT_ASSET_SYMBOL_EXTENSIONS = YES;
				CLANG_ANALYZER_NONNULL = YES;
				CLANG_ANALYZER_NUMBER_OBJECT_CONVERSION = YES_AGGRESSIVE;
				CLANG_CXX_LANGUAGE_STANDARD = "gnu++20";
				CLANG_ENABLE_MODULES = YES;
				CLANG_ENABLE_OBJC_ARC = YES;
				CLANG_ENABLE_OBJC_WEAK = YES;
				CLANG_WARN_BLOCK_CAPTURE_AUTORELEASING = YES;
				CLANG_WARN_BOOL_CONVERSION = YES;
				CLANG_WARN_COMMA = YES;
				CLANG_WARN_CONSTANT_CONVERSION = YES;
				CLANG_WARN_DEPRECATED_OBJC_IMPLEMENTATIONS = YES;
				CLANG_WARN_DIRECT_OBJC_ISA_USAGE = YES_ERROR;
				CLANG_WARN_DOCUMENTATION_COMMENTS = YES;
				CLANG_WARN_EMPTY_BODY = YES;
				CLANG_WARN_ENUM_CONVERSION = YES;
				CLANG_WARN_INFINITE_RECURSION = YES;
				CLANG_WARN_INT_CONVERSION = YES;
				CLANG_WARN_NON_LITERAL_NULL_CONVERSION = YES;
				CLANG_WARN_OBJC_IMPLICIT_RETAIN_SELF = YES;
				CLANG_WARN_OBJC_LITERAL_CONVERSION = YES;
				CLANG_WARN_OBJC_ROOT_CLASS = YES_ERROR;
				CLANG_WARN_QUOTED_INCLUDE_IN_FRAMEWORK_HEADER = YES;
				CLANG_WARN_RANGE_LOOP_ANALYSIS = YES;
				CLANG_WARN_STRICT_PROTOTYPES = YES;
				CLANG_WARN_SUSPICIOUS_MOVE = YES;
				CLANG_WARN_UNGUARDED_AVAILABILITY = YES_AGGRESSIVE;
				CLANG_WARN_UNREACHABLE_CODE = YES;
				CLANG_WARN__DUPLICATE_METHOD_MATCH = YES;
				COPY_PHASE_STRIP = NO;
				DEBUG_INFORMATION_FORMAT = "dwarf-with-dsym";
				ENABLE_NS_ASSERTIONS = NO;
				ENABLE_STRICT_OBJC_MSGSEND = YES;
				ENABLE_USER_SCRIPT_SANDBOXING = YES;
				GCC_C_LANGUAGE_STANDARD = gnu17;
				GCC_NO_COMMON_BLOCKS = YES;
				GCC_WARN_64_TO_32_BIT_CONVERSION = YES;
				GCC_WARN_ABOUT_RETURN_TYPE = YES_ERROR;
				GCC_WARN_UNDECLARED_SELECTOR = YES;
				GCC_WARN_UNINITIALIZED_AUTOS = YES_AGGRESSIVE;
				GCC_WARN_UNUSED_FUNCTION = YES;
				GCC_WARN_UNUSED_VARIABLE = YES;
				IPHONEOS_DEPLOYMENT_TARGET = 18.2;
				LOCALIZATION_PREFERS_STRING_CATALOGS = YES;
				MTL_ENABLE_DEBUG_INFO = NO;
				MTL_FAST_MATH = YES;
				SDKROOT = iphoneos;
				SWIFT_COMPILATION_MODE = wholemodule;
				VALIDATE_PRODUCT = YES;
			};
			name = Release;
		};
		B288445E2DA1BD5B00058D1F /* Debug */ = {
			isa = XCBuildConfiguration;
			buildSettings = {
				BUNDLE_LOADER = "$(TEST_HOST)";
				CODE_SIGN_STYLE = Automatic;
				CURRENT_PROJECT_VERSION = 1;
				DEVELOPMENT_TEAM = TJN35A6L8U;
				GENERATE_INFOPLIST_FILE = YES;
				IPHONEOS_DEPLOYMENT_TARGET = 18.2;
				MARKETING_VERSION = 1.0;
				PRODUCT_BUNDLE_IDENTIFIER = "br.com.tourist-weather-app.tourist-weather-appTests";
				PRODUCT_NAME = "$(TARGET_NAME)";
				SUPPORTED_PLATFORMS = "iphoneos iphonesimulator";
				SUPPORTS_MACCATALYST = NO;
				SUPPORTS_MAC_DESIGNED_FOR_IPHONE_IPAD = NO;
				SUPPORTS_XR_DESIGNED_FOR_IPHONE_IPAD = NO;
				SWIFT_EMIT_LOC_STRINGS = NO;
				SWIFT_VERSION = 5.0;
				TARGETED_DEVICE_FAMILY = 1;
				TEST_HOST = "$(BUILT_PRODUCTS_DIR)/tourist-weather-app.app/$(BUNDLE_EXECUTABLE_FOLDER_PATH)/tourist-weather-app";
			};
			name = Debug;
		};
		B288445F2DA1BD5B00058D1F /* Release */ = {
			isa = XCBuildConfiguration;
			buildSettings = {
				BUNDLE_LOADER = "$(TEST_HOST)";
				CODE_SIGN_STYLE = Automatic;
				CURRENT_PROJECT_VERSION = 1;
				DEVELOPMENT_TEAM = TJN35A6L8U;
				GENERATE_INFOPLIST_FILE = YES;
				IPHONEOS_DEPLOYMENT_TARGET = 18.2;
				MARKETING_VERSION = 1.0;
				PRODUCT_BUNDLE_IDENTIFIER = "br.com.tourist-weather-app.tourist-weather-appTests";
				PRODUCT_NAME = "$(TARGET_NAME)";
				SUPPORTED_PLATFORMS = "iphoneos iphonesimulator";
				SUPPORTS_MACCATALYST = NO;
				SUPPORTS_MAC_DESIGNED_FOR_IPHONE_IPAD = NO;
				SUPPORTS_XR_DESIGNED_FOR_IPHONE_IPAD = NO;
				SWIFT_EMIT_LOC_STRINGS = NO;
				SWIFT_VERSION = 5.0;
				TARGETED_DEVICE_FAMILY = 1;
				TEST_HOST = "$(BUILT_PRODUCTS_DIR)/tourist-weather-app.app/$(BUNDLE_EXECUTABLE_FOLDER_PATH)/tourist-weather-app";
			};
			name = Release;
		};
		B28844612DA1BD5B00058D1F /* Debug */ = {
			isa = XCBuildConfiguration;
			buildSettings = {
				CODE_SIGN_STYLE = Automatic;
				CURRENT_PROJECT_VERSION = 1;
				DEVELOPMENT_TEAM = TJN35A6L8U;
				GENERATE_INFOPLIST_FILE = YES;
				MARKETING_VERSION = 1.0;
				PRODUCT_BUNDLE_IDENTIFIER = "br.com.tourist-weather-app.tourist-weather-appUITests";
				PRODUCT_NAME = "$(TARGET_NAME)";
				SUPPORTED_PLATFORMS = "iphoneos iphonesimulator";
				SUPPORTS_MACCATALYST = NO;
				SUPPORTS_MAC_DESIGNED_FOR_IPHONE_IPAD = NO;
				SUPPORTS_XR_DESIGNED_FOR_IPHONE_IPAD = NO;
				SWIFT_EMIT_LOC_STRINGS = NO;
				SWIFT_VERSION = 5.0;
				TARGETED_DEVICE_FAMILY = 1;
				TEST_TARGET_NAME = "tourist-weather-app";
			};
			name = Debug;
		};
		B28844622DA1BD5B00058D1F /* Release */ = {
			isa = XCBuildConfiguration;
			buildSettings = {
				CODE_SIGN_STYLE = Automatic;
				CURRENT_PROJECT_VERSION = 1;
				DEVELOPMENT_TEAM = TJN35A6L8U;
				GENERATE_INFOPLIST_FILE = YES;
				MARKETING_VERSION = 1.0;
				PRODUCT_BUNDLE_IDENTIFIER = "br.com.tourist-weather-app.tourist-weather-appUITests";
				PRODUCT_NAME = "$(TARGET_NAME)";
				SUPPORTED_PLATFORMS = "iphoneos iphonesimulator";
				SUPPORTS_MACCATALYST = NO;
				SUPPORTS_MAC_DESIGNED_FOR_IPHONE_IPAD = NO;
				SUPPORTS_XR_DESIGNED_FOR_IPHONE_IPAD = NO;
				SWIFT_EMIT_LOC_STRINGS = NO;
				SWIFT_VERSION = 5.0;
				TARGETED_DEVICE_FAMILY = 1;
				TEST_TARGET_NAME = "tourist-weather-app";
			};
			name = Release;
		};
/* End XCBuildConfiguration section */

/* Begin XCConfigurationList section */
		B288442A2DA1BD5A00058D1F /* Build configuration list for PBXProject "tourist-weather-app" */ = {
			isa = XCConfigurationList;
			buildConfigurations = (
				B288445B2DA1BD5B00058D1F /* Debug */,
				B288445C2DA1BD5B00058D1F /* Release */,
			);
			defaultConfigurationIsVisible = 0;
			defaultConfigurationName = Release;
		};
		B28844582DA1BD5B00058D1F /* Build configuration list for PBXNativeTarget "tourist-weather-app" */ = {
			isa = XCConfigurationList;
			buildConfigurations = (
				B28844592DA1BD5B00058D1F /* Debug */,
				B288445A2DA1BD5B00058D1F /* Release */,
			);
			defaultConfigurationIsVisible = 0;
			defaultConfigurationName = Release;
		};
		B288445D2DA1BD5B00058D1F /* Build configuration list for PBXNativeTarget "tourist-weather-appTests" */ = {
			isa = XCConfigurationList;
			buildConfigurations = (
				B288445E2DA1BD5B00058D1F /* Debug */,
				B288445F2DA1BD5B00058D1F /* Release */,
			);
			defaultConfigurationIsVisible = 0;
			defaultConfigurationName = Release;
		};
		B28844602DA1BD5B00058D1F /* Build configuration list for PBXNativeTarget "tourist-weather-appUITests" */ = {
			isa = XCConfigurationList;
			buildConfigurations = (
				B28844612DA1BD5B00058D1F /* Debug */,
				B28844622DA1BD5B00058D1F /* Release */,
			);
			defaultConfigurationIsVisible = 0;
			defaultConfigurationName = Release;
		};
/* End XCConfigurationList section */
	};
	rootObject = B28844272DA1BD5A00058D1F /* Project object */;
}
